
Microsoft Visual Studio Solution File, Format Version 12.00
# Visual Studio Version 16
VisualStudioVersion = 16.0.30320.27
MinimumVisualStudioVersion = 10.0.40219.1
Project("{FAE04EC0-301F-11D3-BF4B-00C04F79EFBC}") = "Dummy", "Dummy.csproj", "{30D6F9EB-C40E-4D3B-BA43-D87C99E3CA1B}"
EndProject
Global
	GlobalSection(SolutionConfigurationPlatforms) = preSolution
		Debug|Any CPU = Debug|Any CPU
		Release|Any CPU = Release|Any CPU
	EndGlobalSection
	GlobalSection(ProjectConfigurationPlatforms) = postSolution
		{30D6F9EB-C40E-4D3B-BA43-D87C99E3CA1B}.Debug|Any CPU.ActiveCfg = Debug|Any CPU
		{30D6F9EB-C40E-4D3B-BA43-D87C99E3CA1B}.Debug|Any CPU.Build.0 = Debug|Any CPU
		{30D6F9EB-C40E-4D3B-BA43-D87C99E3CA1B}.Release|Any CPU.ActiveCfg = Release|Any CPU
		{30D6F9EB-C40E-4D3B-BA43-D87C99E3CA1B}.Release|Any CPU.Build.0 = Release|Any CPU
	EndGlobalSection
	GlobalSection(SolutionProperties) = preSolution
		HideSolutionNode = FALSE
	EndGlobalSection
	GlobalSection(ExtensibilityGlobals) = postSolution
		SolutionGuid = {91CDE4AA-6E4C-4683-842C-331DDD7C89EC}
	EndGlobalSection
EndGlobal
